// !$*UTF8*$!
{
	archiveVersion = 1;
	classes = {
	};
	objectVersion = 46;
	objects = {

/* Begin PBXBuildFile section */
		FEFE9FD41D188D5A00B9DD3E /* AppDelegate.swift in Sources */ = {isa = PBXBuildFile; fileRef = FEFE9FD31D188D5A00B9DD3E /* AppDelegate.swift */; };
		FEFE9FD61D188D5A00B9DD3E /* ViewController.swift in Sources */ = {isa = PBXBuildFile; fileRef = FEFE9FD51D188D5A00B9DD3E /* ViewController.swift */; };
		FEFE9FD91D188D5A00B9DD3E /* Main.storyboard in Resources */ = {isa = PBXBuildFile; fileRef = FEFE9FD71D188D5A00B9DD3E /* Main.storyboard */; };
		FEFE9FDB1D188D5A00B9DD3E /* Assets.xcassets in Resources */ = {isa = PBXBuildFile; fileRef = FEFE9FDA1D188D5A00B9DD3E /* Assets.xcassets */; };
		FEFE9FDE1D188D5A00B9DD3E /* LaunchScreen.storyboard in Resources */ = {isa = PBXBuildFile; fileRef = FEFE9FDC1D188D5A00B9DD3E /* LaunchScreen.storyboard */; };
/* End PBXBuildFile section */

/* Begin PBXFileReference section */
		FEFE9FD01D188D5A00B9DD3E /* TipPro.app */ = {isa = PBXFileReference; explicitFileType = wrapper.application; includeInIndex = 0; path = TipPro.app; sourceTree = BUILT_PRODUCTS_DIR; };
		FEFE9FD31D188D5A00B9DD3E /* AppDelegate.swift */ = {isa = PBXFileReference; lastKnownFileType = sourcecode.swift; path = AppDelegate.swift; sourceTree = "<group>"; };
		FEFE9FD51D188D5A00B9DD3E /* ViewController.swift */ = {isa = PBXFileReference; lastKnownFileType = sourcecode.swift; path = ViewController.swift; sourceTree = "<group>"; };
		FEFE9FD81D188D5A00B9DD3E /* Base */ = {isa = PBXFileReference; lastKnownFileType = file.storyboard; name = Base; path = Base.lproj/Main.storyboard; sourceTree = "<group>"; };
		FEFE9FDA1D188D5A00B9DD3E /* Assets.xcassets */ = {isa = PBXFileReference; lastKnownFileType = folder.assetcatalog; path = Assets.xcassets; sourceTree = "<group>"; };
		FEFE9FDD1D188D5A00B9DD3E /* Base */ = {isa = PBXFileReference; lastKnownFileType = file.storyboard; name = Base; path = Base.lproj/LaunchScreen.storyboard; sourceTree = "<group>"; };
		FEFE9FDF1D188D5A00B9DD3E /* Info.plist */ = {isa = PBXFileReference; lastKnownFileType = text.plist.xml; path = Info.plist; sourceTree = "<group>"; };
/* End PBXFileReference section */

/* Begin PBXFrameworksBuildPhase section */
		FEFE9FCD1D188D5A00B9DD3E /* Frameworks */ = {
			isa = PBXFrameworksBuildPhase;
			buildActionMask = 2147483647;
			files = (
			);
			runOnlyForDeploymentPostprocessing = 0;
		};
/* End PBXFrameworksBuildPhase section */

/* Begin PBXGroup section */
		FEFE9FC71D188D5A00B9DD3E = {
			isa = PBXGroup;
			children = (
				FEFE9FD21D188D5A00B9DD3E /* TipPro */,
				FEFE9FD11D188D5A00B9DD3E /* Products */,
			);
			sourceTree = "<group>";
		};
		FEFE9FD11D188D5A00B9DD3E /* Products */ = {
			isa = PBXGroup;
			children = (
				FEFE9FD01D188D5A00B9DD3E /* TipPro.app */,
			);
			name = Products;
			sourceTree = "<group>";
		};
		FEFE9FD21D188D5A00B9DD3E /* TipPro */ = {
			isa = PBXGroup;
			children = (
				FEFE9FD31D188D5A00B9DD3E /* AppDelegate.swift */,
				FEFE9FD51D188D5A00B9DD3E /* ViewController.swift */,
				FEFE9FD71D188D5A00B9DD3E /* Main.storyboard */,
				FEFE9FDA1D188D5A00B9DD3E /* Assets.xcassets */,
				FEFE9FDC1D188D5A00B9DD3E /* LaunchScreen.storyboard */,
				FEFE9FDF1D188D5A00B9DD3E /* Info.plist */,
			);
			path = TipPro;
			sourceTree = "<group>";
		};
/* End PBXGroup section */

/* Begin PBXNativeTarget section */
		FEFE9FCF1D188D5A00B9DD3E /* TipPro */ = {
			isa = PBXNativeTarget;
			buildConfigurationList = FEFE9FE21D188D5A00B9DD3E /* Build configuration list for PBXNativeTarget "TipPro" */;
			buildPhases = (
				FEFE9FCC1D188D5A00B9DD3E /* Sources */,
				FEFE9FCD1D188D5A00B9DD3E /* Frameworks */,
				FEFE9FCE1D188D5A00B9DD3E /* Resources */,
			);
			buildRules = (
			);
			dependencies = (
			);
			name = TipPro;
			productName = TipPro;
			productReference = FEFE9FD01D188D5A00B9DD3E /* TipPro.app */;
			productType = "com.apple.product-type.application";
		};
/* End PBXNativeTarget section */

/* Begin PBXProject section */
		FEFE9FC81D188D5A00B9DD3E /* Project object */ = {
			isa = PBXProject;
			attributes = {
				LastSwiftUpdateCheck = 0730;
				LastUpgradeCheck = 0730;
				ORGANIZATIONNAME = AffixGrp;
				TargetAttributes = {
					FEFE9FCF1D188D5A00B9DD3E = {
						CreatedOnToolsVersion = 7.3.1;
					};
				};
			};
			buildConfigurationList = FEFE9FCB1D188D5A00B9DD3E /* Build configuration list for PBXProject "TipPro" */;
			compatibilityVersion = "Xcode 3.2";
			developmentRegion = English;
			hasScannedForEncodings = 0;
			knownRegions = (
				en,
				Base,
			);
			mainGroup = FEFE9FC71D188D5A00B9DD3E;
			productRefGroup = FEFE9FD11D188D5A00B9DD3E /* Products */;
			projectDirPath = "";
			projectRoot = "";
			targets = (
				FEFE9FCF1D188D5A00B9DD3E /* TipPro */,
			);
		};
/* End PBXProject section */

/* Begin PBXResourcesBuildPhase section */
		FEFE9FCE1D188D5A00B9DD3E /* Resources */ = {
			isa = PBXResourcesBuildPhase;
			buildActionMask = 2147483647;
			files = (
				FEFE9FDE1D188D5A00B9DD3E /* LaunchScreen.storyboard in Resources */,
				FEFE9FDB1D188D5A00B9DD3E /* Assets.xcassets in Resources */,
				FEFE9FD91D188D5A00B9DD3E /* Main.storyboard in Resources */,
			);
			runOnlyForDeploymentPostprocessing = 0;
		};
/* End PBXResourcesBuildPhase section */

/* Begin PBXSourcesBuildPhase section */
		FEFE9FCC1D188D5A00B9DD3E /* Sources */ = {
			isa = PBXSourcesBuildPhase;
			buildActionMask = 2147483647;
			files = (
				FEFE9FD61D188D5A00B9DD3E /* ViewController.swift in Sources */,
				FEFE9FD41D188D5A00B9DD3E /* AppDelegate.swift in Sources */,
			);
			runOnlyForDeploymentPostprocessing = 0;
		};
/* End PBXSourcesBuildPhase section */

/* Begin PBXVariantGroup section */
		FEFE9FD71D188D5A00B9DD3E /* Main.storyboard */ = {
			isa = PBXVariantGroup;
			children = (
				FEFE9FD81D188D5A00B9DD3E /* Base */,
			);
			name = Main.storyboard;
			sourceTree = "<group>";
		};
		FEFE9FDC1D188D5A00B9DD3E /* LaunchScreen.storyboard */ = {
			isa = PBXVariantGroup;
			children = (
				FEFE9FDD1D188D5A00B9DD3E /* Base */,
			);
			name = LaunchScreen.storyboard;
			sourceTree = "<group>";
		};
/* End PBXVariantGroup section */

/* Begin XCBuildConfiguration section */
		FEFE9FE01D188D5A00B9DD3E /* Debug */ = {
			isa = XCBuildConfiguration;
			buildSettings = {
				ALWAYS_SEARCH_USER_PATHS = NO;
				CLANG_ANALYZER_NONNULL = YES;
				CLANG_CXX_LANGUAGE_STANDARD = "gnu++0x";
				CLANG_CXX_LIBRARY = "libc++";
				CLANG_ENABLE_MODULES = YES;
				CLANG_ENABLE_OBJC_ARC = YES;
				CLANG_WARN_BOOL_CONVERSION = YES;
				CLANG_WARN_CONSTANT_CONVERSION = YES;
				CLANG_WARN_DIRECT_OBJC_ISA_USAGE = YES_ERROR;
				CLANG_WARN_EMPTY_BODY = YES;
				CLANG_WARN_ENUM_CONVERSION = YES;
				CLANG_WARN_INT_CONVERSION = YES;
				CLANG_WARN_OBJC_ROOT_CLASS = YES_ERROR;
				CLANG_WARN_UNREACHABLE_CODE = YES;
				CLANG_WARN__DUPLICATE_METHOD_MATCH = YES;
				"CODE_SIGN_IDENTITY[sdk=iphoneos*]" = "iPhone Developer";
				COPY_PHASE_STRIP = NO;
				DEBUG_INFORMATION_FORMAT = dwarf;
				ENABLE_STRICT_OBJC_MSGSEND = YES;
				ENABLE_TESTABILITY = YES;
				GCC_C_LANGUAGE_STANDARD = gnu99;
				GCC_DYNAMIC_NO_PIC = NO;
				GCC_NO_COMMON_BLOCKS = YES;
				GCC_OPTIMIZATION_LEVEL = 0;
				GCC_PREPROCESSOR_DEFINITIONS = (
					"DEBUG=1",
					"$(inherited)",
				);
				GCC_WARN_64_TO_32_BIT_CONVERSION = YES;
				GCC_WARN_ABOUT_RETURN_TYPE = YES_ERROR;
				GCC_WARN_UNDECLARED_SELECTOR = YES;
				GCC_WARN_UNINITIALIZED_AUTOS = YES_AGGRESSIVE;
				GCC_WARN_UNUSED_FUNCTION = YES;
				GCC_WARN_UNUSED_VARIABLE = YES;
				IPHONEOS_DEPLOYMENT_TARGET = 9.3;
				MTL_ENABLE_DEBUG_INFO = YES;
				ONLY_ACTIVE_ARCH = YES;
				SDKROOT = iphoneos;
				SWIFT_OPTIMIZATION_LEVEL = "-Onone";
				TARGETED_DEVICE_FAMILY = "1,2";
			};
			name = Debug;
		};
		FEFE9FE11D188D5A00B9DD3E /* Release */ = {
			isa = XCBuildConfiguration;
			buildSettings = {
				ALWAYS_SEARCH_USER_PATHS = NO;
				CLANG_ANALYZER_NONNULL = YES;
				CLANG_CXX_LANGUAGE_STANDARD = "gnu++0x";
				CLANG_CXX_LIBRARY = "libc++";
				CLANG_ENABLE_MODULES = YES;
				CLANG_ENABLE_OBJC_ARC = YES;
				CLANG_WARN_BOOL_CONVERSION = YES;
				CLANG_WARN_CONSTANT_CONVERSION = YES;
				CLANG_WARN_DIRECT_OBJC_ISA_USAGE = YES_ERROR;
				CLANG_WARN_EMPTY_BODY = YES;
				CLANG_WARN_ENUM_CONVERSION = YES;
				CLANG_WARN_INT_CONVERSION = YES;
				CLANG_WARN_OBJC_ROOT_CLASS = YES_ERROR;
				CLANG_WARN_UNREACHABLE_CODE = YES;
				CLANG_WARN__DUPLICATE_METHOD_MATCH = YES;
				"CODE_SIGN_IDENTITY[sdk=iphoneos*]" = "iPhone Developer";
				COPY_PHASE_STRIP = NO;
				DEBUG_INFORMATION_FORMAT = "dwarf-with-dsym";
				ENABLE_NS_ASSERTIONS = NO;
				ENABLE_STRICT_OBJC_MSGSEND = YES;
				GCC_C_LANGUAGE_STANDARD = gnu99;
				GCC_NO_COMMON_BLOCKS = YES;
				GCC_WARN_64_TO_32_BIT_CONVERSION = YES;
				GCC_WARN_ABOUT_RETURN_TYPE = YES_ERROR;
				GCC_WARN_UNDECLARED_SELECTOR = YES;
				GCC_WARN_UNINITIALIZED_AUTOS = YES_AGGRESSIVE;
				GCC_WARN_UNUSED_FUNCTION = YES;
				GCC_WARN_UNUSED_VARIABLE = YES;
				IPHONEOS_DEPLOYMENT_TARGET = 9.3;
				MTL_ENABLE_DEBUG_INFO = NO;
				SDKROOT = iphoneos;
				TARGETED_DEVICE_FAMILY = "1,2";
				VALIDATE_PRODUCT = YES;
			};
			name = Release;
		};
		FEFE9FE31D188D5A00B9DD3E /* Debug */ = {
			isa = XCBuildConfiguration;
			buildSettings = {
				ASSETCATALOG_COMPILER_APPICON_NAME = AppIcon;
				INFOPLIST_FILE = TipPro/Info.plist;
				LD_RUNPATH_SEARCH_PATHS = "$(inherited) @executable_path/Frameworks";
				PRODUCT_BUNDLE_IDENTIFIER = com.affixgrp.TipPro;
				PRODUCT_NAME = "$(TARGET_NAME)";
			};
			name = Debug;
		};
		FEFE9FE41D188D5A00B9DD3E /* Release */ = {
			isa = XCBuildConfiguration;
			buildSettings = {
				ASSETCATALOG_COMPILER_APPICON_NAME = AppIcon;
				INFOPLIST_FILE = TipPro/Info.plist;
				LD_RUNPATH_SEARCH_PATHS = "$(inherited) @executable_path/Frameworks";
				PRODUCT_BUNDLE_IDENTIFIER = com.affixgrp.TipPro;
				PRODUCT_NAME = "$(TARGET_NAME)";
			};
			name = Release;
		};
/* End XCBuildConfiguration section */

/* Begin XCConfigurationList section */
		FEFE9FCB1D188D5A00B9DD3E /* Build configuration list for PBXProject "TipPro" */ = {
			isa = XCConfigurationList;
			buildConfigurations = (
				FEFE9FE01D188D5A00B9DD3E /* Debug */,
				FEFE9FE11D188D5A00B9DD3E /* Release */,
			);
			defaultConfigurationIsVisible = 0;
			defaultConfigurationName = Release;
		};
		FEFE9FE21D188D5A00B9DD3E /* Build configuration list for PBXNativeTarget "TipPro" */ = {
			isa = XCConfigurationList;
			buildConfigurations = (
				FEFE9FE31D188D5A00B9DD3E /* Debug */,
				FEFE9FE41D188D5A00B9DD3E /* Release */,
			);
			defaultConfigurationIsVisible = 0;
		};
/* End XCConfigurationList section */
	};
	rootObject = FEFE9FC81D188D5A00B9DD3E /* Project object */;
}
